// !$*UTF8*$!
{
	archiveVersion = 1;
	classes = {
	};
	objectVersion = 50;
	objects = {

/* Begin PBXBuildFile section */
		5078A3EC20E3631400C4A686 /* WhatsNewKit.framework in Frameworks */ = {isa = PBXBuildFile; fileRef = 5078A3E220E3631400C4A686 /* WhatsNewKit.framework */; };
		5078A3F320E3631400C4A686 /* WhatsNewKit.h in Headers */ = {isa = PBXBuildFile; fileRef = 5078A3E520E3631400C4A686 /* WhatsNewKit.h */; settings = {ATTRIBUTES = (Public, ); }; };
		5078A40320E3635E00C4A686 /* AppDelegate.swift in Sources */ = {isa = PBXBuildFile; fileRef = 5078A40220E3635E00C4A686 /* AppDelegate.swift */; };
		5078A40520E3636000C4A686 /* Assets.xcassets in Resources */ = {isa = PBXBuildFile; fileRef = 5078A40420E3636000C4A686 /* Assets.xcassets */; };
		5078A40820E3636000C4A686 /* MainMenu.xib in Resources */ = {isa = PBXBuildFile; fileRef = 5078A40620E3636000C4A686 /* MainMenu.xib */; };
		5078A40F20E3641800C4A686 /* WhatsNewKit.framework in Frameworks */ = {isa = PBXBuildFile; fileRef = 5078A3E220E3631400C4A686 /* WhatsNewKit.framework */; };
		5078A41020E3641800C4A686 /* WhatsNewKit.framework in Embed Frameworks */ = {isa = PBXBuildFile; fileRef = 5078A3E220E3631400C4A686 /* WhatsNewKit.framework */; settings = {ATTRIBUTES = (CodeSignOnCopy, RemoveHeadersOnCopy, ); }; };
		5078A41520E364F400C4A686 /* Version.swift in Sources */ = {isa = PBXBuildFile; fileRef = 5078A41420E364F400C4A686 /* Version.swift */; };
		5078A41720E3652B00C4A686 /* VersionTests.swift in Sources */ = {isa = PBXBuildFile; fileRef = 5078A41620E3652B00C4A686 /* VersionTests.swift */; };
		5078A41920E3657300C4A686 /* Collection+safeSubscript.swift in Sources */ = {isa = PBXBuildFile; fileRef = 5078A41820E3657300C4A686 /* Collection+safeSubscript.swift */; };
		50A86F2920E36E60004CBA4B /* WhatsNew.swift in Sources */ = {isa = PBXBuildFile; fileRef = 50A86F2820E36E60004CBA4B /* WhatsNew.swift */; };
		50A86F2F20E37252004CBA4B /* UserDefaultsExtensionTests.swift in Sources */ = {isa = PBXBuildFile; fileRef = 50A86F2E20E37252004CBA4B /* UserDefaultsExtensionTests.swift */; };
/* End PBXBuildFile section */

/* Begin PBXContainerItemProxy section */
		5078A3ED20E3631400C4A686 /* PBXContainerItemProxy */ = {
			isa = PBXContainerItemProxy;
			containerPortal = 5078A3D920E3631400C4A686 /* Project object */;
			proxyType = 1;
			remoteGlobalIDString = 5078A3E120E3631400C4A686;
			remoteInfo = WhatsNewKit;
		};
		5078A41120E3641800C4A686 /* PBXContainerItemProxy */ = {
			isa = PBXContainerItemProxy;
			containerPortal = 5078A3D920E3631400C4A686 /* Project object */;
			proxyType = 1;
			remoteGlobalIDString = 5078A3E120E3631400C4A686;
			remoteInfo = WhatsNewKit;
		};
/* End PBXContainerItemProxy section */

/* Begin PBXCopyFilesBuildPhase section */
		5078A41320E3641800C4A686 /* Embed Frameworks */ = {
			isa = PBXCopyFilesBuildPhase;
			buildActionMask = 2147483647;
			dstPath = "";
			dstSubfolderSpec = 10;
			files = (
				5078A41020E3641800C4A686 /* WhatsNewKit.framework in Embed Frameworks */,
			);
			name = "Embed Frameworks";
			runOnlyForDeploymentPostprocessing = 0;
		};
/* End PBXCopyFilesBuildPhase section */

/* Begin PBXFileReference section */
		5078A3E220E3631400C4A686 /* WhatsNewKit.framework */ = {isa = PBXFileReference; explicitFileType = wrapper.framework; includeInIndex = 0; path = WhatsNewKit.framework; sourceTree = BUILT_PRODUCTS_DIR; };
		5078A3E520E3631400C4A686 /* WhatsNewKit.h */ = {isa = PBXFileReference; lastKnownFileType = sourcecode.c.h; path = WhatsNewKit.h; sourceTree = "<group>"; };
		5078A3E620E3631400C4A686 /* Info.plist */ = {isa = PBXFileReference; lastKnownFileType = text.plist.xml; path = Info.plist; sourceTree = "<group>"; };
		5078A3EB20E3631400C4A686 /* WhatsNewKitTests.xctest */ = {isa = PBXFileReference; explicitFileType = wrapper.cfbundle; includeInIndex = 0; path = WhatsNewKitTests.xctest; sourceTree = BUILT_PRODUCTS_DIR; };
		5078A3F220E3631400C4A686 /* Info.plist */ = {isa = PBXFileReference; lastKnownFileType = text.plist.xml; path = Info.plist; sourceTree = "<group>"; };
		5078A40020E3635E00C4A686 /* Example.app */ = {isa = PBXFileReference; explicitFileType = wrapper.application; includeInIndex = 0; path = Example.app; sourceTree = BUILT_PRODUCTS_DIR; };
		5078A40220E3635E00C4A686 /* AppDelegate.swift */ = {isa = PBXFileReference; lastKnownFileType = sourcecode.swift; path = AppDelegate.swift; sourceTree = "<group>"; };
		5078A40420E3636000C4A686 /* Assets.xcassets */ = {isa = PBXFileReference; lastKnownFileType = folder.assetcatalog; path = Assets.xcassets; sourceTree = "<group>"; };
		5078A40720E3636000C4A686 /* Base */ = {isa = PBXFileReference; lastKnownFileType = file.xib; name = Base; path = Base.lproj/MainMenu.xib; sourceTree = "<group>"; };
		5078A40920E3636000C4A686 /* Info.plist */ = {isa = PBXFileReference; lastKnownFileType = text.plist.xml; path = Info.plist; sourceTree = "<group>"; };
		5078A40A20E3636000C4A686 /* Example.entitlements */ = {isa = PBXFileReference; lastKnownFileType = text.plist.entitlements; path = Example.entitlements; sourceTree = "<group>"; };
		5078A40E20E363B800C4A686 /* LICENSE.md */ = {isa = PBXFileReference; lastKnownFileType = net.daringfireball.markdown; path = LICENSE.md; sourceTree = "<group>"; };
		5078A41420E364F400C4A686 /* Version.swift */ = {isa = PBXFileReference; lastKnownFileType = sourcecode.swift; path = Version.swift; sourceTree = "<group>"; };
		5078A41620E3652B00C4A686 /* VersionTests.swift */ = {isa = PBXFileReference; lastKnownFileType = sourcecode.swift; path = VersionTests.swift; sourceTree = "<group>"; };
		5078A41820E3657300C4A686 /* Collection+safeSubscript.swift */ = {isa = PBXFileReference; lastKnownFileType = sourcecode.swift; path = "Collection+safeSubscript.swift"; sourceTree = "<group>"; };
		50A86F2820E36E60004CBA4B /* WhatsNew.swift */ = {isa = PBXFileReference; lastKnownFileType = sourcecode.swift; path = WhatsNew.swift; sourceTree = "<group>"; };
		50A86F2E20E37252004CBA4B /* UserDefaultsExtensionTests.swift */ = {isa = PBXFileReference; lastKnownFileType = sourcecode.swift; path = UserDefaultsExtensionTests.swift; sourceTree = "<group>"; };
/* End PBXFileReference section */

/* Begin PBXFrameworksBuildPhase section */
		5078A3DE20E3631400C4A686 /* Frameworks */ = {
			isa = PBXFrameworksBuildPhase;
			buildActionMask = 2147483647;
			files = (
			);
			runOnlyForDeploymentPostprocessing = 0;
		};
		5078A3E820E3631400C4A686 /* Frameworks */ = {
			isa = PBXFrameworksBuildPhase;
			buildActionMask = 2147483647;
			files = (
				5078A3EC20E3631400C4A686 /* WhatsNewKit.framework in Frameworks */,
			);
			runOnlyForDeploymentPostprocessing = 0;
		};
		5078A3FD20E3635E00C4A686 /* Frameworks */ = {
			isa = PBXFrameworksBuildPhase;
			buildActionMask = 2147483647;
			files = (
				5078A40F20E3641800C4A686 /* WhatsNewKit.framework in Frameworks */,
			);
			runOnlyForDeploymentPostprocessing = 0;
		};
/* End PBXFrameworksBuildPhase section */

/* Begin PBXGroup section */
		5078A3D820E3631400C4A686 = {
			isa = PBXGroup;
			children = (
				5078A40E20E363B800C4A686 /* LICENSE.md */,
				5078A3E420E3631400C4A686 /* WhatsNewKit */,
				5078A3EF20E3631400C4A686 /* WhatsNewKitTests */,
				5078A40120E3635E00C4A686 /* Example */,
				5078A3E320E3631400C4A686 /* Products */,
			);
			sourceTree = "<group>";
		};
		5078A3E320E3631400C4A686 /* Products */ = {
			isa = PBXGroup;
			children = (
				5078A3E220E3631400C4A686 /* WhatsNewKit.framework */,
				5078A3EB20E3631400C4A686 /* WhatsNewKitTests.xctest */,
				5078A40020E3635E00C4A686 /* Example.app */,
			);
			name = Products;
			sourceTree = "<group>";
		};
		5078A3E420E3631400C4A686 /* WhatsNewKit */ = {
			isa = PBXGroup;
			children = (
				5078A3E520E3631400C4A686 /* WhatsNewKit.h */,
				50A86F2820E36E60004CBA4B /* WhatsNew.swift */,
				5078A41420E364F400C4A686 /* Version.swift */,
				50A86F2720E36E31004CBA4B /* Util */,
				5078A3E620E3631400C4A686 /* Info.plist */,
			);
			path = WhatsNewKit;
			sourceTree = "<group>";
		};
		5078A3EF20E3631400C4A686 /* WhatsNewKitTests */ = {
			isa = PBXGroup;
			children = (
				5078A3F220E3631400C4A686 /* Info.plist */,
				5078A41620E3652B00C4A686 /* VersionTests.swift */,
				50A86F2E20E37252004CBA4B /* UserDefaultsExtensionTests.swift */,
			);
			path = WhatsNewKitTests;
			sourceTree = "<group>";
		};
		5078A40120E3635E00C4A686 /* Example */ = {
			isa = PBXGroup;
			children = (
				5078A40220E3635E00C4A686 /* AppDelegate.swift */,
				5078A40420E3636000C4A686 /* Assets.xcassets */,
				5078A40620E3636000C4A686 /* MainMenu.xib */,
				5078A40920E3636000C4A686 /* Info.plist */,
				5078A40A20E3636000C4A686 /* Example.entitlements */,
			);
			path = Example;
			sourceTree = "<group>";
		};
		50A86F2720E36E31004CBA4B /* Util */ = {
			isa = PBXGroup;
			children = (
				5078A41820E3657300C4A686 /* Collection+safeSubscript.swift */,
			);
			path = Util;
			sourceTree = "<group>";
		};
/* End PBXGroup section */

/* Begin PBXHeadersBuildPhase section */
		5078A3DF20E3631400C4A686 /* Headers */ = {
			isa = PBXHeadersBuildPhase;
			buildActionMask = 2147483647;
			files = (
				5078A3F320E3631400C4A686 /* WhatsNewKit.h in Headers */,
			);
			runOnlyForDeploymentPostprocessing = 0;
		};
/* End PBXHeadersBuildPhase section */

/* Begin PBXNativeTarget section */
		5078A3E120E3631400C4A686 /* WhatsNewKit */ = {
			isa = PBXNativeTarget;
			buildConfigurationList = 5078A3F620E3631400C4A686 /* Build configuration list for PBXNativeTarget "WhatsNewKit" */;
			buildPhases = (
				5078A3DD20E3631400C4A686 /* Sources */,
				5078A3DE20E3631400C4A686 /* Frameworks */,
				5078A3DF20E3631400C4A686 /* Headers */,
				5078A3E020E3631400C4A686 /* Resources */,
			);
			buildRules = (
			);
			dependencies = (
			);
			name = WhatsNewKit;
			productName = WhatsNewKit;
			productReference = 5078A3E220E3631400C4A686 /* WhatsNewKit.framework */;
			productType = "com.apple.product-type.framework";
		};
		5078A3EA20E3631400C4A686 /* WhatsNewKitTests */ = {
			isa = PBXNativeTarget;
			buildConfigurationList = 5078A3F920E3631400C4A686 /* Build configuration list for PBXNativeTarget "WhatsNewKitTests" */;
			buildPhases = (
				5078A3E720E3631400C4A686 /* Sources */,
				5078A3E820E3631400C4A686 /* Frameworks */,
				5078A3E920E3631400C4A686 /* Resources */,
			);
			buildRules = (
			);
			dependencies = (
				5078A3EE20E3631400C4A686 /* PBXTargetDependency */,
			);
			name = WhatsNewKitTests;
			productName = WhatsNewKitTests;
			productReference = 5078A3EB20E3631400C4A686 /* WhatsNewKitTests.xctest */;
			productType = "com.apple.product-type.bundle.unit-test";
		};
		5078A3FF20E3635E00C4A686 /* Example */ = {
			isa = PBXNativeTarget;
			buildConfigurationList = 5078A40B20E3636000C4A686 /* Build configuration list for PBXNativeTarget "Example" */;
			buildPhases = (
				5078A3FC20E3635E00C4A686 /* Sources */,
				5078A3FD20E3635E00C4A686 /* Frameworks */,
				5078A3FE20E3635E00C4A686 /* Resources */,
				5078A41320E3641800C4A686 /* Embed Frameworks */,
			);
			buildRules = (
			);
			dependencies = (
				5078A41220E3641800C4A686 /* PBXTargetDependency */,
			);
			name = Example;
			productName = Example;
			productReference = 5078A40020E3635E00C4A686 /* Example.app */;
			productType = "com.apple.product-type.application";
		};
/* End PBXNativeTarget section */

/* Begin PBXProject section */
		5078A3D920E3631400C4A686 /* Project object */ = {
			isa = PBXProject;
			attributes = {
				LastSwiftUpdateCheck = 0940;
				LastUpgradeCheck = 0940;
				ORGANIZATIONNAME = "Christian Tietze";
				TargetAttributes = {
					5078A3E120E3631400C4A686 = {
						CreatedOnToolsVersion = 9.4.1;
						LastSwiftMigration = 0940;
					};
					5078A3EA20E3631400C4A686 = {
						CreatedOnToolsVersion = 9.4.1;
						LastSwiftMigration = 0940;
					};
					5078A3FF20E3635E00C4A686 = {
						CreatedOnToolsVersion = 9.4.1;
					};
				};
			};
			buildConfigurationList = 5078A3DC20E3631400C4A686 /* Build configuration list for PBXProject "WhatsNewKit" */;
			compatibilityVersion = "Xcode 9.3";
			developmentRegion = en;
			hasScannedForEncodings = 0;
			knownRegions = (
				en,
				Base,
			);
			mainGroup = 5078A3D820E3631400C4A686;
			productRefGroup = 5078A3E320E3631400C4A686 /* Products */;
			projectDirPath = "";
			projectRoot = "";
			targets = (
				5078A3E120E3631400C4A686 /* WhatsNewKit */,
				5078A3EA20E3631400C4A686 /* WhatsNewKitTests */,
				5078A3FF20E3635E00C4A686 /* Example */,
			);
		};
/* End PBXProject section */

/* Begin PBXResourcesBuildPhase section */
		5078A3E020E3631400C4A686 /* Resources */ = {
			isa = PBXResourcesBuildPhase;
			buildActionMask = 2147483647;
			files = (
			);
			runOnlyForDeploymentPostprocessing = 0;
		};
		5078A3E920E3631400C4A686 /* Resources */ = {
			isa = PBXResourcesBuildPhase;
			buildActionMask = 2147483647;
			files = (
			);
			runOnlyForDeploymentPostprocessing = 0;
		};
		5078A3FE20E3635E00C4A686 /* Resources */ = {
			isa = PBXResourcesBuildPhase;
			buildActionMask = 2147483647;
			files = (
				5078A40520E3636000C4A686 /* Assets.xcassets in Resources */,
				5078A40820E3636000C4A686 /* MainMenu.xib in Resources */,
			);
			runOnlyForDeploymentPostprocessing = 0;
		};
/* End PBXResourcesBuildPhase section */

/* Begin PBXSourcesBuildPhase section */
		5078A3DD20E3631400C4A686 /* Sources */ = {
			isa = PBXSourcesBuildPhase;
			buildActionMask = 2147483647;
			files = (
				5078A41920E3657300C4A686 /* Collection+safeSubscript.swift in Sources */,
				5078A41520E364F400C4A686 /* Version.swift in Sources */,
				50A86F2920E36E60004CBA4B /* WhatsNew.swift in Sources */,
			);
			runOnlyForDeploymentPostprocessing = 0;
		};
		5078A3E720E3631400C4A686 /* Sources */ = {
			isa = PBXSourcesBuildPhase;
			buildActionMask = 2147483647;
			files = (
				50A86F2F20E37252004CBA4B /* UserDefaultsExtensionTests.swift in Sources */,
				5078A41720E3652B00C4A686 /* VersionTests.swift in Sources */,
			);
			runOnlyForDeploymentPostprocessing = 0;
		};
		5078A3FC20E3635E00C4A686 /* Sources */ = {
			isa = PBXSourcesBuildPhase;
			buildActionMask = 2147483647;
			files = (
				5078A40320E3635E00C4A686 /* AppDelegate.swift in Sources */,
			);
			runOnlyForDeploymentPostprocessing = 0;
		};
/* End PBXSourcesBuildPhase section */

/* Begin PBXTargetDependency section */
		5078A3EE20E3631400C4A686 /* PBXTargetDependency */ = {
			isa = PBXTargetDependency;
			target = 5078A3E120E3631400C4A686 /* WhatsNewKit */;
			targetProxy = 5078A3ED20E3631400C4A686 /* PBXContainerItemProxy */;
		};
		5078A41220E3641800C4A686 /* PBXTargetDependency */ = {
			isa = PBXTargetDependency;
			target = 5078A3E120E3631400C4A686 /* WhatsNewKit */;
			targetProxy = 5078A41120E3641800C4A686 /* PBXContainerItemProxy */;
		};
/* End PBXTargetDependency section */

/* Begin PBXVariantGroup section */
		5078A40620E3636000C4A686 /* MainMenu.xib */ = {
			isa = PBXVariantGroup;
			children = (
				5078A40720E3636000C4A686 /* Base */,
			);
			name = MainMenu.xib;
			sourceTree = "<group>";
		};
/* End PBXVariantGroup section */

/* Begin XCBuildConfiguration section */
		5078A3F420E3631400C4A686 /* Debug */ = {
			isa = XCBuildConfiguration;
			buildSettings = {
				ALWAYS_SEARCH_USER_PATHS = NO;
				CLANG_ANALYZER_NONNULL = YES;
				CLANG_ANALYZER_NUMBER_OBJECT_CONVERSION = YES_AGGRESSIVE;
				CLANG_CXX_LANGUAGE_STANDARD = "gnu++14";
				CLANG_CXX_LIBRARY = "libc++";
				CLANG_ENABLE_MODULES = YES;
				CLANG_ENABLE_OBJC_ARC = YES;
				CLANG_ENABLE_OBJC_WEAK = YES;
				CLANG_WARN_BLOCK_CAPTURE_AUTORELEASING = YES;
				CLANG_WARN_BOOL_CONVERSION = YES;
				CLANG_WARN_COMMA = YES;
				CLANG_WARN_CONSTANT_CONVERSION = YES;
				CLANG_WARN_DEPRECATED_OBJC_IMPLEMENTATIONS = YES;
				CLANG_WARN_DIRECT_OBJC_ISA_USAGE = YES_ERROR;
				CLANG_WARN_DOCUMENTATION_COMMENTS = YES;
				CLANG_WARN_EMPTY_BODY = YES;
				CLANG_WARN_ENUM_CONVERSION = YES;
				CLANG_WARN_INFINITE_RECURSION = YES;
				CLANG_WARN_INT_CONVERSION = YES;
				CLANG_WARN_NON_LITERAL_NULL_CONVERSION = YES;
				CLANG_WARN_OBJC_IMPLICIT_RETAIN_SELF = YES;
				CLANG_WARN_OBJC_LITERAL_CONVERSION = YES;
				CLANG_WARN_OBJC_ROOT_CLASS = YES_ERROR;
				CLANG_WARN_RANGE_LOOP_ANALYSIS = YES;
				CLANG_WARN_STRICT_PROTOTYPES = YES;
				CLANG_WARN_SUSPICIOUS_MOVE = YES;
				CLANG_WARN_UNGUARDED_AVAILABILITY = YES_AGGRESSIVE;
				CLANG_WARN_UNREACHABLE_CODE = YES;
				CLANG_WARN__DUPLICATE_METHOD_MATCH = YES;
				CODE_SIGN_IDENTITY = "-";
				COPY_PHASE_STRIP = NO;
				CURRENT_PROJECT_VERSION = 1;
				DEBUG_INFORMATION_FORMAT = dwarf;
				ENABLE_STRICT_OBJC_MSGSEND = YES;
				ENABLE_TESTABILITY = YES;
				GCC_C_LANGUAGE_STANDARD = gnu11;
				GCC_DYNAMIC_NO_PIC = NO;
				GCC_NO_COMMON_BLOCKS = YES;
				GCC_OPTIMIZATION_LEVEL = 0;
				GCC_PREPROCESSOR_DEFINITIONS = (
					"DEBUG=1",
					"$(inherited)",
				);
				GCC_WARN_64_TO_32_BIT_CONVERSION = YES;
				GCC_WARN_ABOUT_RETURN_TYPE = YES_ERROR;
				GCC_WARN_UNDECLARED_SELECTOR = YES;
				GCC_WARN_UNINITIALIZED_AUTOS = YES_AGGRESSIVE;
				GCC_WARN_UNUSED_FUNCTION = YES;
				GCC_WARN_UNUSED_VARIABLE = YES;
				MACOSX_DEPLOYMENT_TARGET = 10.13;
				MTL_ENABLE_DEBUG_INFO = YES;
				ONLY_ACTIVE_ARCH = YES;
				SDKROOT = macosx;
				SWIFT_ACTIVE_COMPILATION_CONDITIONS = DEBUG;
				SWIFT_OPTIMIZATION_LEVEL = "-Onone";
				VERSIONING_SYSTEM = "apple-generic";
				VERSION_INFO_PREFIX = "";
			};
			name = Debug;
		};
		5078A3F520E3631400C4A686 /* Release */ = {
			isa = XCBuildConfiguration;
			buildSettings = {
				ALWAYS_SEARCH_USER_PATHS = NO;
				CLANG_ANALYZER_NONNULL = YES;
				CLANG_ANALYZER_NUMBER_OBJECT_CONVERSION = YES_AGGRESSIVE;
				CLANG_CXX_LANGUAGE_STANDARD = "gnu++14";
				CLANG_CXX_LIBRARY = "libc++";
				CLANG_ENABLE_MODULES = YES;
				CLANG_ENABLE_OBJC_ARC = YES;
				CLANG_ENABLE_OBJC_WEAK = YES;
				CLANG_WARN_BLOCK_CAPTURE_AUTORELEASING = YES;
				CLANG_WARN_BOOL_CONVERSION = YES;
				CLANG_WARN_COMMA = YES;
				CLANG_WARN_CONSTANT_CONVERSION = YES;
				CLANG_WARN_DEPRECATED_OBJC_IMPLEMENTATIONS = YES;
				CLANG_WARN_DIRECT_OBJC_ISA_USAGE = YES_ERROR;
				CLANG_WARN_DOCUMENTATION_COMMENTS = YES;
				CLANG_WARN_EMPTY_BODY = YES;
				CLANG_WARN_ENUM_CONVERSION = YES;
				CLANG_WARN_INFINITE_RECURSION = YES;
				CLANG_WARN_INT_CONVERSION = YES;
				CLANG_WARN_NON_LITERAL_NULL_CONVERSION = YES;
				CLANG_WARN_OBJC_IMPLICIT_RETAIN_SELF = YES;
				CLANG_WARN_OBJC_LITERAL_CONVERSION = YES;
				CLANG_WARN_OBJC_ROOT_CLASS = YES_ERROR;
				CLANG_WARN_RANGE_LOOP_ANALYSIS = YES;
				CLANG_WARN_STRICT_PROTOTYPES = YES;
				CLANG_WARN_SUSPICIOUS_MOVE = YES;
				CLANG_WARN_UNGUARDED_AVAILABILITY = YES_AGGRESSIVE;
				CLANG_WARN_UNREACHABLE_CODE = YES;
				CLANG_WARN__DUPLICATE_METHOD_MATCH = YES;
				CODE_SIGN_IDENTITY = "-";
				COPY_PHASE_STRIP = NO;
				CURRENT_PROJECT_VERSION = 1;
				DEBUG_INFORMATION_FORMAT = "dwarf-with-dsym";
				ENABLE_NS_ASSERTIONS = NO;
				ENABLE_STRICT_OBJC_MSGSEND = YES;
				GCC_C_LANGUAGE_STANDARD = gnu11;
				GCC_NO_COMMON_BLOCKS = YES;
				GCC_WARN_64_TO_32_BIT_CONVERSION = YES;
				GCC_WARN_ABOUT_RETURN_TYPE = YES_ERROR;
				GCC_WARN_UNDECLARED_SELECTOR = YES;
				GCC_WARN_UNINITIALIZED_AUTOS = YES_AGGRESSIVE;
				GCC_WARN_UNUSED_FUNCTION = YES;
				GCC_WARN_UNUSED_VARIABLE = YES;
				MACOSX_DEPLOYMENT_TARGET = 10.13;
				MTL_ENABLE_DEBUG_INFO = NO;
				SDKROOT = macosx;
				SWIFT_COMPILATION_MODE = wholemodule;
				SWIFT_OPTIMIZATION_LEVEL = "-O";
				VERSIONING_SYSTEM = "apple-generic";
				VERSION_INFO_PREFIX = "";
			};
			name = Release;
		};
		5078A3F720E3631400C4A686 /* Debug */ = {
			isa = XCBuildConfiguration;
			buildSettings = {
				CLANG_ENABLE_MODULES = YES;
				CODE_SIGN_IDENTITY = "";
				CODE_SIGN_STYLE = Automatic;
				COMBINE_HIDPI_IMAGES = YES;
				DEFINES_MODULE = YES;
				DYLIB_COMPATIBILITY_VERSION = 1;
				DYLIB_CURRENT_VERSION = 1;
				DYLIB_INSTALL_NAME_BASE = "@rpath";
				FRAMEWORK_VERSION = A;
				INFOPLIST_FILE = WhatsNewKit/Info.plist;
				INSTALL_PATH = "$(LOCAL_LIBRARY_DIR)/Frameworks";
				LD_RUNPATH_SEARCH_PATHS = (
					"$(inherited)",
					"@executable_path/../Frameworks",
					"@loader_path/Frameworks",
				);
				MACOSX_DEPLOYMENT_TARGET = 10.10;
				PRODUCT_BUNDLE_IDENTIFIER = de.christiantietze.WhatsNewKit;
				PRODUCT_NAME = "$(TARGET_NAME:c99extidentifier)";
				SKIP_INSTALL = YES;
				SWIFT_OPTIMIZATION_LEVEL = "-Onone";
				SWIFT_VERSION = 4.0;
			};
			name = Debug;
		};
		5078A3F820E3631400C4A686 /* Release */ = {
			isa = XCBuildConfiguration;
			buildSettings = {
				CLANG_ENABLE_MODULES = YES;
				CODE_SIGN_IDENTITY = "";
				CODE_SIGN_STYLE = Automatic;
				COMBINE_HIDPI_IMAGES = YES;
				DEFINES_MODULE = YES;
				DYLIB_COMPATIBILITY_VERSION = 1;
				DYLIB_CURRENT_VERSION = 1;
				DYLIB_INSTALL_NAME_BASE = "@rpath";
				FRAMEWORK_VERSION = A;
				INFOPLIST_FILE = WhatsNewKit/Info.plist;
				INSTALL_PATH = "$(LOCAL_LIBRARY_DIR)/Frameworks";
				LD_RUNPATH_SEARCH_PATHS = (
					"$(inherited)",
					"@executable_path/../Frameworks",
					"@loader_path/Frameworks",
				);
				MACOSX_DEPLOYMENT_TARGET = 10.10;
				PRODUCT_BUNDLE_IDENTIFIER = de.christiantietze.WhatsNewKit;
				PRODUCT_NAME = "$(TARGET_NAME:c99extidentifier)";
				SKIP_INSTALL = YES;
				SWIFT_VERSION = 4.0;
			};
			name = Release;
		};
		5078A3FA20E3631400C4A686 /* Debug */ = {
			isa = XCBuildConfiguration;
			buildSettings = {
				ALWAYS_EMBED_SWIFT_STANDARD_LIBRARIES = YES;
				CLANG_ENABLE_MODULES = YES;
				CODE_SIGN_STYLE = Automatic;
				COMBINE_HIDPI_IMAGES = YES;
				INFOPLIST_FILE = WhatsNewKitTests/Info.plist;
				LD_RUNPATH_SEARCH_PATHS = (
					"$(inherited)",
					"@executable_path/../Frameworks",
					"@loader_path/../Frameworks",
				);
				PRODUCT_BUNDLE_IDENTIFIER = de.christiantietze.WhatsNewKitTests;
				PRODUCT_NAME = "$(TARGET_NAME)";
				SWIFT_OPTIMIZATION_LEVEL = "-Onone";
				SWIFT_VERSION = 4.0;
			};
			name = Debug;
		};
		5078A3FB20E3631400C4A686 /* Release */ = {
			isa = XCBuildConfiguration;
			buildSettings = {
				ALWAYS_EMBED_SWIFT_STANDARD_LIBRARIES = YES;
				CLANG_ENABLE_MODULES = YES;
				CODE_SIGN_STYLE = Automatic;
				COMBINE_HIDPI_IMAGES = YES;
				INFOPLIST_FILE = WhatsNewKitTests/Info.plist;
				LD_RUNPATH_SEARCH_PATHS = (
					"$(inherited)",
					"@executable_path/../Frameworks",
					"@loader_path/../Frameworks",
				);
				PRODUCT_BUNDLE_IDENTIFIER = de.christiantietze.WhatsNewKitTests;
				PRODUCT_NAME = "$(TARGET_NAME)";
				SWIFT_VERSION = 4.0;
			};
			name = Release;
		};
		5078A40C20E3636000C4A686 /* Debug */ = {
			isa = XCBuildConfiguration;
			buildSettings = {
				ALWAYS_EMBED_SWIFT_STANDARD_LIBRARIES = YES;
				ASSETCATALOG_COMPILER_APPICON_NAME = AppIcon;
				CODE_SIGN_ENTITLEMENTS = Example/Example.entitlements;
				CODE_SIGN_STYLE = Automatic;
				COMBINE_HIDPI_IMAGES = YES;
				INFOPLIST_FILE = Example/Info.plist;
				LD_RUNPATH_SEARCH_PATHS = (
					"$(inherited)",
					"@executable_path/../Frameworks",
				);
				PRODUCT_BUNDLE_IDENTIFIER = de.christiantietze.Example;
				PRODUCT_NAME = "$(TARGET_NAME)";
				SWIFT_VERSION = 4.0;
			};
			name = Debug;
		};
		5078A40D20E3636000C4A686 /* Release */ = {
			isa = XCBuildConfiguration;
			buildSettings = {
				ALWAYS_EMBED_SWIFT_STANDARD_LIBRARIES = YES;
				ASSETCATALOG_COMPILER_APPICON_NAME = AppIcon;
				CODE_SIGN_ENTITLEMENTS = Example/Example.entitlements;
				CODE_SIGN_STYLE = Automatic;
				COMBINE_HIDPI_IMAGES = YES;
				INFOPLIST_FILE = Example/Info.plist;
				LD_RUNPATH_SEARCH_PATHS = (
					"$(inherited)",
					"@executable_path/../Frameworks",
				);
				PRODUCT_BUNDLE_IDENTIFIER = de.christiantietze.Example;
				PRODUCT_NAME = "$(TARGET_NAME)";
				SWIFT_VERSION = 4.0;
			};
			name = Release;
		};
/* End XCBuildConfiguration section */

/* Begin XCConfigurationList section */
		5078A3DC20E3631400C4A686 /* Build configuration list for PBXProject "WhatsNewKit" */ = {
			isa = XCConfigurationList;
			buildConfigurations = (
				5078A3F420E3631400C4A686 /* Debug */,
				5078A3F520E3631400C4A686 /* Release */,
			);
			defaultConfigurationIsVisible = 0;
			defaultConfigurationName = Release;
		};
		5078A3F620E3631400C4A686 /* Build configuration list for PBXNativeTarget "WhatsNewKit" */ = {
			isa = XCConfigurationList;
			buildConfigurations = (
				5078A3F720E3631400C4A686 /* Debug */,
				5078A3F820E3631400C4A686 /* Release */,
			);
			defaultConfigurationIsVisible = 0;
			defaultConfigurationName = Release;
		};
		5078A3F920E3631400C4A686 /* Build configuration list for PBXNativeTarget "WhatsNewKitTests" */ = {
			isa = XCConfigurationList;
			buildConfigurations = (
				5078A3FA20E3631400C4A686 /* Debug */,
				5078A3FB20E3631400C4A686 /* Release */,
			);
			defaultConfigurationIsVisible = 0;
			defaultConfigurationName = Release;
		};
		5078A40B20E3636000C4A686 /* Build configuration list for PBXNativeTarget "Example" */ = {
			isa = XCConfigurationList;
			buildConfigurations = (
				5078A40C20E3636000C4A686 /* Debug */,
				5078A40D20E3636000C4A686 /* Release */,
			);
			defaultConfigurationIsVisible = 0;
			defaultConfigurationName = Release;
		};
/* End XCConfigurationList section */
	};
	rootObject = 5078A3D920E3631400C4A686 /* Project object */;
}
